# THIS IS AN AUTOGENERATED FILE. DO NOT EDIT THIS FILE DIRECTLY.
# yarn lockfile v1


"@types/google-apps-script@^1.0.33":
  version "1.0.33"
  resolved "https://registry.yarnpkg.com/@types/google-apps-script/-/google-apps-script-1.0.33.tgz#216401943fcea8e40b79b1c7ada1ea6094e28df8"
  integrity sha512-9UxTHvxHwAOINtbKWAz0gn7WL41m3YwGQNpTrYERyqwQw+cBnKi4Dl3f5AtsA9o6XyhsIvrIiOvDR8O6A8SVjA==
